
Microsoft Visual Studio Solution File, Format Version 12.00
# Visual Studio Version 16
VisualStudioVersion = 16.0.30717.126
MinimumVisualStudioVersion = 10.0.40219.1
Project("{FAE04EC0-301F-11D3-BF4B-00C04F79EFBC}") = "Client_APi_Project", "Client_APi_Project\Client_APi_Project.csproj", "{BD2E42B4-6B58-4D50-A92A-10B8048E4320}"
EndProject
Global
	GlobalSection(SolutionConfigurationPlatforms) = preSolution
		Debug|Any CPU = Debug|Any CPU
		Release|Any CPU = Release|Any CPU
	EndGlobalSection
	GlobalSection(ProjectConfigurationPlatforms) = postSolution
		{BD2E42B4-6B58-4D50-A92A-10B8048E4320}.Debug|Any CPU.ActiveCfg = Debug|Any CPU
		{BD2E42B4-6B58-4D50-A92A-10B8048E4320}.Debug|Any CPU.Build.0 = Debug|Any CPU
		{BD2E42B4-6B58-4D50-A92A-10B8048E4320}.Release|Any CPU.ActiveCfg = Release|Any CPU
		{BD2E42B4-6B58-4D50-A92A-10B8048E4320}.Release|Any CPU.Build.0 = Release|Any CPU
	EndGlobalSection
	GlobalSection(SolutionProperties) = preSolution
		HideSolutionNode = FALSE
	EndGlobalSection
	GlobalSection(ExtensibilityGlobals) = postSolution
		SolutionGuid = {EAAC2EA4-2E28-4FE5-92E8-3A9CB7F526BF}
	EndGlobalSection
EndGlobal
